{
  "name": "typescript_baseball",
  "version": "1.0.0",
  "lockfileVersion": 3,
  "requires": true,
  "packages": {
    "": {
      "name": "typescript_baseball",
      "version": "1.0.0",
      "license": "ISC",
      "dependencies": {
        "@woowacourse/mission-utils": "^2.1.1"
      }
    },
    "node_modules/@woowacourse/mission-utils": {
      "version": "2.1.1",
      "resolved": "https://registry.npmjs.org/@woowacourse/mission-utils/-/mission-utils-2.1.1.tgz",
      "integrity": "sha512-/YWWF67WhdnQ/cyjqz4mPLhL8vElekpfeSs6JYqLVPCKOEMUxvFj6rq7QidTK05h1mLPeZogGkJCky1GQgt91Q==",
      "engines": {
        "node": ">=18.17.1",
        "npm": ">=9.6.7"
      }
    }
  }
}
